
Microsoft Visual Studio Solution File, Format Version 12.00
# Visual Studio 15
Project("{FAE04EC0-301F-11D3-BF4B-00C04F79EFBC}") = "WeatherAggregator", "WeatherAggregator\WeatherAggregator.csproj", "{8EDF2CCB-865A-4961-8426-6F18B31FC874}"
EndProject
Global
	GlobalSection(SolutionConfigurationPlatforms) = preSolution
		Debug|Any CPU = Debug|Any CPU
		Release|Any CPU = Release|Any CPU
	EndGlobalSection
	GlobalSection(ProjectConfigurationPlatforms) = postSolution
		{8EDF2CCB-865A-4961-8426-6F18B31FC874}.Debug|Any CPU.ActiveCfg = Debug|Any CPU
		{8EDF2CCB-865A-4961-8426-6F18B31FC874}.Debug|Any CPU.Build.0 = Debug|Any CPU
		{8EDF2CCB-865A-4961-8426-6F18B31FC874}.Release|Any CPU.ActiveCfg = Release|Any CPU
		{8EDF2CCB-865A-4961-8426-6F18B31FC874}.Release|Any CPU.Build.0 = Release|Any CPU
	EndGlobalSection
EndGlobal
